
Microsoft Visual Studio Solution File, Format Version 12.00
# Visual Studio 15
VisualStudioVersion = 15.0.28307.1169
MinimumVisualStudioVersion = 10.0.40219.1
Project("{FAE04EC0-301F-11D3-BF4B-00C04F79EFBC}") = "AspDotNetProject_Arefin", "AspDotNetProject_Arefin\AspDotNetProject_Arefin.csproj", "{5410D0AB-E381-4131-95A6-EA90738D7039}"
EndProject
Global
	GlobalSection(SolutionConfigurationPlatforms) = preSolution
		Debug|Any CPU = Debug|Any CPU
		Release|Any CPU = Release|Any CPU
	EndGlobalSection
	GlobalSection(ProjectConfigurationPlatforms) = postSolution
		{5410D0AB-E381-4131-95A6-EA90738D7039}.Debug|Any CPU.ActiveCfg = Debug|Any CPU
		{5410D0AB-E381-4131-95A6-EA90738D7039}.Debug|Any CPU.Build.0 = Debug|Any CPU
		{5410D0AB-E381-4131-95A6-EA90738D7039}.Release|Any CPU.ActiveCfg = Release|Any CPU
		{5410D0AB-E381-4131-95A6-EA90738D7039}.Release|Any CPU.Build.0 = Release|Any CPU
	EndGlobalSection
	GlobalSection(SolutionProperties) = preSolution
		HideSolutionNode = FALSE
	EndGlobalSection
	GlobalSection(ExtensibilityGlobals) = postSolution
		SolutionGuid = {9E3FFB90-FE10-4C1B-AD28-E60DAB04C753}
	EndGlobalSection
EndGlobal
